
Microsoft Visual Studio Solution File, Format Version 12.00
# Visual Studio 15
VisualStudioVersion = 15.0.28307.572
MinimumVisualStudioVersion = 10.0.40219.1
Project("{2150E333-8FDC-42A3-9474-1A3956D46DE8}") = ".paket", ".paket", "{D2F286D4-0302-406B-8E09-E774E068B017}"
	ProjectSection(SolutionItems) = preProject
		.paket\paket.bootstrapper.exe = .paket\paket.bootstrapper.exe
		paket.dependencies = paket.dependencies
		paket.lock = paket.lock
		.paket\Paket.Restore.targets = .paket\Paket.Restore.targets
	EndProjectSection
EndProject
Project("{2150E333-8FDC-42A3-9474-1A3956D46DE8}") = ".FAKE", ".FAKE", "{28C069E5-F895-4E01-ABF0-B185A5E5BFE6}"
	ProjectSection(SolutionItems) = preProject
		build.bat = build.bat
		build.fsx = build.fsx
		MonoGameContent.fsx = MonoGameContent.fsx
	EndProjectSection
EndProject
Project("{2150E333-8FDC-42A3-9474-1A3956D46DE8}") = "Content", "Content", "{A2C66E40-30FA-45DB-8A13-272A87C4E53D}"
EndProject
Project("{2150E333-8FDC-42A3-9474-1A3956D46DE8}") = "Effects", "Effects", "{6D0FDD9D-48F9-4E76-A788-731FB3F6C33E}"
	ProjectSection(SolutionItems) = preProject
		content\Effects\effects.fx = content\Effects\effects.fx
		content\Effects\groundFromAtmosphere.fx = content\Effects\groundFromAtmosphere.fx
		Content\Effects\hdr.fx = Content\Effects\hdr.fx
		Content\Effects\shadowMap.fx = Content\Effects\shadowMap.fx
		content\Effects\skyFromAtmosphere.fx = content\Effects\skyFromAtmosphere.fx
	EndProjectSection
EndProject
Project("{2150E333-8FDC-42A3-9474-1A3956D46DE8}") = "Meshes", "Meshes", "{B14EF28F-F9DC-4295-86AC-87FEA38DF39C}"
EndProject
Project("{2150E333-8FDC-42A3-9474-1A3956D46DE8}") = "Textures", "Textures", "{A23A07CD-E5D3-4742-A29D-DF8A7AEF2528}"
	ProjectSection(SolutionItems) = preProject
		content\Textures\grass.dds = content\Textures\grass.dds
		content\Textures\rock.dds = content\Textures\rock.dds
		content\Textures\sand.dds = content\Textures\sand.dds
		content\Textures\snow.dds = content\Textures\snow.dds
	EndProjectSection
EndProject
Project("{2150E333-8FDC-42A3-9474-1A3956D46DE8}") = "docs", "docs", "{E70C077C-5DFD-49CA-8DD8-FD875159EDDA}"
	ProjectSection(SolutionItems) = preProject
		README.md = README.md
		sunset.png = sunset.png
	EndProjectSection
EndProject
Project("{6EC3EE1D-3C4E-46DD-8F32-0CC8E7565705}") = "Land", "src\Land\Land.fsproj", "{C9590F73-FBF2-4812-B24B-D58D993CFB42}"
EndProject
Global
	GlobalSection(SolutionConfigurationPlatforms) = preSolution
		Debug|Any CPU = Debug|Any CPU
		Release|Any CPU = Release|Any CPU
	EndGlobalSection
	GlobalSection(ProjectConfigurationPlatforms) = postSolution
		{C9590F73-FBF2-4812-B24B-D58D993CFB42}.Debug|Any CPU.ActiveCfg = Debug|Any CPU
		{C9590F73-FBF2-4812-B24B-D58D993CFB42}.Debug|Any CPU.Build.0 = Debug|Any CPU
		{C9590F73-FBF2-4812-B24B-D58D993CFB42}.Release|Any CPU.ActiveCfg = Release|Any CPU
		{C9590F73-FBF2-4812-B24B-D58D993CFB42}.Release|Any CPU.Build.0 = Release|Any CPU
	EndGlobalSection
	GlobalSection(SolutionProperties) = preSolution
		HideSolutionNode = FALSE
	EndGlobalSection
	GlobalSection(NestedProjects) = preSolution
		{6D0FDD9D-48F9-4E76-A788-731FB3F6C33E} = {A2C66E40-30FA-45DB-8A13-272A87C4E53D}
		{B14EF28F-F9DC-4295-86AC-87FEA38DF39C} = {A2C66E40-30FA-45DB-8A13-272A87C4E53D}
		{A23A07CD-E5D3-4742-A29D-DF8A7AEF2528} = {A2C66E40-30FA-45DB-8A13-272A87C4E53D}
	EndGlobalSection
	GlobalSection(ExtensibilityGlobals) = postSolution
		SolutionGuid = {536A1184-0B1F-4C51-B382-5AA317ABC3E6}
	EndGlobalSection
EndGlobal
